Microsoft Visual Studio Solution File, Format Version 12.00
# Visual Studio Version 17
VisualStudioVersion = 17.5.2.0
MinimumVisualStudioVersion = 10.0.40219.1
Project("{2150E333-8FDC-42A3-9474-1A3956D46DE8}") = "backend", "backend", "{1AE8ACA6-933B-BF2A-3671-3E2EAC007D16}"
EndProject
Project("{FAE04EC0-301F-11D3-BF4B-00C04F79EFBC}") = "BookCatalog.API", "backend\BookCatalog.API.csproj", "{D0D39577-2835-8930-B6C3-7F2271C8675D}"
EndProject
Global
	GlobalSection(SolutionConfigurationPlatforms) = preSolution
		Debug|Any CPU = Debug|Any CPU
		Release|Any CPU = Release|Any CPU
	EndGlobalSection
	GlobalSection(ProjectConfigurationPlatforms) = postSolution
		{D0D39577-2835-8930-B6C3-7F2271C8675D}.Debug|Any CPU.ActiveCfg = Debug|Any CPU
		{D0D39577-2835-8930-B6C3-7F2271C8675D}.Debug|Any CPU.Build.0 = Debug|Any CPU
		{D0D39577-2835-8930-B6C3-7F2271C8675D}.Release|Any CPU.ActiveCfg = Release|Any CPU
		{D0D39577-2835-8930-B6C3-7F2271C8675D}.Release|Any CPU.Build.0 = Release|Any CPU
	EndGlobalSection
	GlobalSection(SolutionProperties) = preSolution
		HideSolutionNode = FALSE
	EndGlobalSection
	GlobalSection(NestedProjects) = preSolution
		{D0D39577-2835-8930-B6C3-7F2271C8675D} = {1AE8ACA6-933B-BF2A-3671-3E2EAC007D16}
	EndGlobalSection
	GlobalSection(ExtensibilityGlobals) = postSolution
		SolutionGuid = {5C5169EF-8442-45D3-8A41-784BD103DC0C}
	EndGlobalSection
EndGlobal
